
Microsoft Visual Studio Solution File, Format Version 12.00
# Visual Studio Version 17
VisualStudioVersion = 17.8.34309.116
MinimumVisualStudioVersion = 10.0.40219.1
Project("{9A19103F-16F7-4668-BE54-9A1E7A4F7556}") = "PolyhydraGames.Core.Maui", "src\PolyhydraGames.Core.Maui.csproj", "{8C52C4CD-E1A7-4C3E-934D-2D103504F02F}"
EndProject
Project("{2150E333-8FDC-42A3-9474-1A3956D46DE8}") = "other", "other", "{312B6256-94C6-42FA-8259-FFAE000EF822}"
	ProjectSection(SolutionItems) = preProject
		.builds\Core.Maui.yml = .builds\Core.Maui.yml
		README.md = README.md
	EndProjectSection
EndProject
Project("{9A19103F-16F7-4668-BE54-9A1E7A4F7556}") = "PolyhydraGames.Core.Maui.Test", "test\PolyhydraGames.Core.Maui.Test.csproj", "{3521E43A-D72F-4100-9D60-2088AAEDCE3D}"
EndProject
Global
	GlobalSection(SolutionConfigurationPlatforms) = preSolution
		Debug|Any CPU = Debug|Any CPU
		Release|Any CPU = Release|Any CPU
	EndGlobalSection
	GlobalSection(ProjectConfigurationPlatforms) = postSolution
		{8C52C4CD-E1A7-4C3E-934D-2D103504F02F}.Debug|Any CPU.ActiveCfg = Debug|Any CPU
		{8C52C4CD-E1A7-4C3E-934D-2D103504F02F}.Debug|Any CPU.Build.0 = Debug|Any CPU
		{8C52C4CD-E1A7-4C3E-934D-2D103504F02F}.Release|Any CPU.ActiveCfg = Release|Any CPU
		{8C52C4CD-E1A7-4C3E-934D-2D103504F02F}.Release|Any CPU.Build.0 = Release|Any CPU
		{3521E43A-D72F-4100-9D60-2088AAEDCE3D}.Debug|Any CPU.ActiveCfg = Debug|Any CPU
		{3521E43A-D72F-4100-9D60-2088AAEDCE3D}.Debug|Any CPU.Build.0 = Debug|Any CPU
		{3521E43A-D72F-4100-9D60-2088AAEDCE3D}.Release|Any CPU.ActiveCfg = Release|Any CPU
		{3521E43A-D72F-4100-9D60-2088AAEDCE3D}.Release|Any CPU.Build.0 = Release|Any CPU
	EndGlobalSection
	GlobalSection(SolutionProperties) = preSolution
		HideSolutionNode = FALSE
	EndGlobalSection
	GlobalSection(ExtensibilityGlobals) = postSolution
		SolutionGuid = {4E34B457-805A-44E0-8778-D0FBE194CA1A}
	EndGlobalSection
EndGlobal
